
Microsoft Visual Studio Solution File, Format Version 12.00
# Visual Studio Version 16
VisualStudioVersion = 16.0.31624.102
MinimumVisualStudioVersion = 10.0.40219.1
Project("{FAE04EC0-301F-11D3-BF4B-00C04F79EFBC}") = "CheckoutChallenge", "CheckoutChallenge\CheckoutChallenge.csproj", "{154337B3-ABDB-4825-9C3C-04B405785734}"
EndProject
Project("{2150E333-8FDC-42A3-9474-1A3956D46DE8}") = "UnitTests", "UnitTests", "{065081FC-95A1-4072-9E2A-FFECEA34D410}"
EndProject
Project("{9A19103F-16F7-4668-BE54-9A1E7A4F7556}") = "ServicesTests", "ServicesTests\ServicesTests.csproj", "{E795C6B7-A0B8-4709-AC4C-4C26D7853F2C}"
EndProject
Project("{9A19103F-16F7-4668-BE54-9A1E7A4F7556}") = "Services", "Services\Services.csproj", "{5E1FAA97-AE51-44E8-AC58-FCA62A770C90}"
EndProject
Project("{9A19103F-16F7-4668-BE54-9A1E7A4F7556}") = "Interfaces", "Interfaces\Interfaces.csproj", "{1B05EE3F-CBE4-4EA2-9C97-62540CEC09E9}"
EndProject
Project("{2150E333-8FDC-42A3-9474-1A3956D46DE8}") = "IntegrationTests", "IntegrationTests", "{237117ED-EFFE-4584-B556-8AE5125C26E8}"
EndProject
Project("{FAE04EC0-301F-11D3-BF4B-00C04F79EFBC}") = "IntegrationTests", "IntegrationTests\IntegrationTests.csproj", "{C901764C-CAF5-4C59-9637-81BDE9F11DA2}"
EndProject
Global
	GlobalSection(SolutionConfigurationPlatforms) = preSolution
		Debug|Any CPU = Debug|Any CPU
		Release|Any CPU = Release|Any CPU
	EndGlobalSection
	GlobalSection(ProjectConfigurationPlatforms) = postSolution
		{154337B3-ABDB-4825-9C3C-04B405785734}.Debug|Any CPU.ActiveCfg = Debug|Any CPU
		{154337B3-ABDB-4825-9C3C-04B405785734}.Debug|Any CPU.Build.0 = Debug|Any CPU
		{154337B3-ABDB-4825-9C3C-04B405785734}.Release|Any CPU.ActiveCfg = Release|Any CPU
		{154337B3-ABDB-4825-9C3C-04B405785734}.Release|Any CPU.Build.0 = Release|Any CPU
		{E795C6B7-A0B8-4709-AC4C-4C26D7853F2C}.Debug|Any CPU.ActiveCfg = Debug|Any CPU
		{E795C6B7-A0B8-4709-AC4C-4C26D7853F2C}.Debug|Any CPU.Build.0 = Debug|Any CPU
		{E795C6B7-A0B8-4709-AC4C-4C26D7853F2C}.Release|Any CPU.ActiveCfg = Release|Any CPU
		{E795C6B7-A0B8-4709-AC4C-4C26D7853F2C}.Release|Any CPU.Build.0 = Release|Any CPU
		{5E1FAA97-AE51-44E8-AC58-FCA62A770C90}.Debug|Any CPU.ActiveCfg = Debug|Any CPU
		{5E1FAA97-AE51-44E8-AC58-FCA62A770C90}.Debug|Any CPU.Build.0 = Debug|Any CPU
		{5E1FAA97-AE51-44E8-AC58-FCA62A770C90}.Release|Any CPU.ActiveCfg = Release|Any CPU
		{5E1FAA97-AE51-44E8-AC58-FCA62A770C90}.Release|Any CPU.Build.0 = Release|Any CPU
		{1B05EE3F-CBE4-4EA2-9C97-62540CEC09E9}.Debug|Any CPU.ActiveCfg = Debug|Any CPU
		{1B05EE3F-CBE4-4EA2-9C97-62540CEC09E9}.Debug|Any CPU.Build.0 = Debug|Any CPU
		{1B05EE3F-CBE4-4EA2-9C97-62540CEC09E9}.Release|Any CPU.ActiveCfg = Release|Any CPU
		{1B05EE3F-CBE4-4EA2-9C97-62540CEC09E9}.Release|Any CPU.Build.0 = Release|Any CPU
		{C901764C-CAF5-4C59-9637-81BDE9F11DA2}.Debug|Any CPU.ActiveCfg = Debug|Any CPU
		{C901764C-CAF5-4C59-9637-81BDE9F11DA2}.Debug|Any CPU.Build.0 = Debug|Any CPU
		{C901764C-CAF5-4C59-9637-81BDE9F11DA2}.Release|Any CPU.ActiveCfg = Release|Any CPU
		{C901764C-CAF5-4C59-9637-81BDE9F11DA2}.Release|Any CPU.Build.0 = Release|Any CPU
	EndGlobalSection
	GlobalSection(SolutionProperties) = preSolution
		HideSolutionNode = FALSE
	EndGlobalSection
	GlobalSection(NestedProjects) = preSolution
		{E795C6B7-A0B8-4709-AC4C-4C26D7853F2C} = {065081FC-95A1-4072-9E2A-FFECEA34D410}
		{C901764C-CAF5-4C59-9637-81BDE9F11DA2} = {237117ED-EFFE-4584-B556-8AE5125C26E8}
	EndGlobalSection
	GlobalSection(ExtensibilityGlobals) = postSolution
		SolutionGuid = {DF19B831-D265-4C47-9116-7AF6695FC3A1}
	EndGlobalSection
EndGlobal
